
Microsoft Visual Studio Solution File, Format Version 12.00
# Visual Studio 15
VisualStudioVersion = 15.0.27130.2010
MinimumVisualStudioVersion = 10.0.40219.1
Project("{FAE04EC0-301F-11D3-BF4B-00C04F79EFBC}") = "TesteMarfrig", "TesteMarfrig\TesteMarfrig.csproj", "{56918A36-3A78-47D8-840C-3EF6C51BEB4C}"
	ProjectSection(ProjectDependencies) = postProject
		{0913EB88-E8B4-4429-B889-976A9A7484BE} = {0913EB88-E8B4-4429-B889-976A9A7484BE}
	EndProjectSection
EndProject
Project("{FAE04EC0-301F-11D3-BF4B-00C04F79EFBC}") = "WebServiceMarfrig", "WebServiceMarfrig\WebServiceMarfrig.csproj", "{0913EB88-E8B4-4429-B889-976A9A7484BE}"
EndProject
Project("{FAE04EC0-301F-11D3-BF4B-00C04F79EFBC}") = "TesteMarfrigTest", "TesteMarfrigTest\TesteMarfrigTest.csproj", "{2C0A4FD1-FED7-41F2-BB0A-954F61E54AFE}"
EndProject
Global
	GlobalSection(SolutionConfigurationPlatforms) = preSolution
		Debug|Any CPU = Debug|Any CPU
		Release|Any CPU = Release|Any CPU
	EndGlobalSection
	GlobalSection(ProjectConfigurationPlatforms) = postSolution
		{56918A36-3A78-47D8-840C-3EF6C51BEB4C}.Debug|Any CPU.ActiveCfg = Debug|Any CPU
		{56918A36-3A78-47D8-840C-3EF6C51BEB4C}.Debug|Any CPU.Build.0 = Debug|Any CPU
		{56918A36-3A78-47D8-840C-3EF6C51BEB4C}.Release|Any CPU.ActiveCfg = Release|Any CPU
		{56918A36-3A78-47D8-840C-3EF6C51BEB4C}.Release|Any CPU.Build.0 = Release|Any CPU
		{0913EB88-E8B4-4429-B889-976A9A7484BE}.Debug|Any CPU.ActiveCfg = Debug|Any CPU
		{0913EB88-E8B4-4429-B889-976A9A7484BE}.Debug|Any CPU.Build.0 = Debug|Any CPU
		{0913EB88-E8B4-4429-B889-976A9A7484BE}.Release|Any CPU.ActiveCfg = Release|Any CPU
		{0913EB88-E8B4-4429-B889-976A9A7484BE}.Release|Any CPU.Build.0 = Release|Any CPU
		{2C0A4FD1-FED7-41F2-BB0A-954F61E54AFE}.Debug|Any CPU.ActiveCfg = Debug|Any CPU
		{2C0A4FD1-FED7-41F2-BB0A-954F61E54AFE}.Debug|Any CPU.Build.0 = Debug|Any CPU
		{2C0A4FD1-FED7-41F2-BB0A-954F61E54AFE}.Release|Any CPU.ActiveCfg = Release|Any CPU
		{2C0A4FD1-FED7-41F2-BB0A-954F61E54AFE}.Release|Any CPU.Build.0 = Release|Any CPU
	EndGlobalSection
	GlobalSection(SolutionProperties) = preSolution
		HideSolutionNode = FALSE
	EndGlobalSection
	GlobalSection(ExtensibilityGlobals) = postSolution
		SolutionGuid = {291ADFD4-4CED-4BBA-868D-3DE751F0BB53}
	EndGlobalSection
EndGlobal
